
Microsoft Visual Studio Solution File, Format Version 12.00
Project("{FAE04EC0-301F-11D3-BF4B-00C04F79EFBC}") = "TLio", "TLio\TLio.csproj", "{531C0E28-05BA-46E8-9C5A-8D784ED17DA4}"
EndProject
Project("{FAE04EC0-301F-11D3-BF4B-00C04F79EFBC}") = "TLio.App", "TLio.App\TLio.App.csproj", "{C2FF8459-572C-4687-96D7-C35F0724BA68}"
EndProject
Global
	GlobalSection(SolutionConfigurationPlatforms) = preSolution
		Debug|Any CPU = Debug|Any CPU
		Release|Any CPU = Release|Any CPU
	EndGlobalSection
	GlobalSection(ProjectConfigurationPlatforms) = postSolution
		{531C0E28-05BA-46E8-9C5A-8D784ED17DA4}.Debug|Any CPU.ActiveCfg = Debug|Any CPU
		{531C0E28-05BA-46E8-9C5A-8D784ED17DA4}.Debug|Any CPU.Build.0 = Debug|Any CPU
		{531C0E28-05BA-46E8-9C5A-8D784ED17DA4}.Release|Any CPU.ActiveCfg = Release|Any CPU
		{531C0E28-05BA-46E8-9C5A-8D784ED17DA4}.Release|Any CPU.Build.0 = Release|Any CPU
		{C2FF8459-572C-4687-96D7-C35F0724BA68}.Debug|Any CPU.ActiveCfg = Debug|Any CPU
		{C2FF8459-572C-4687-96D7-C35F0724BA68}.Debug|Any CPU.Build.0 = Debug|Any CPU
		{C2FF8459-572C-4687-96D7-C35F0724BA68}.Release|Any CPU.ActiveCfg = Release|Any CPU
		{C2FF8459-572C-4687-96D7-C35F0724BA68}.Release|Any CPU.Build.0 = Release|Any CPU
	EndGlobalSection
EndGlobal
