
Microsoft Visual Studio Solution File, Format Version 12.00
# Visual Studio Version 17
VisualStudioVersion = 17.0.31606.5
MinimumVisualStudioVersion = 10.0.40219.1
Project("{9A19103F-16F7-4668-BE54-9A1E7A4F7556}") = "JLio.Client", "JLio.CLient\JLio.Client.csproj", "{5AD8D330-E938-46B8-9944-F6AAD2D46ECC}"
EndProject
Project("{9A19103F-16F7-4668-BE54-9A1E7A4F7556}") = "JLio.Commands", "JLio.Commands\JLio.Commands.csproj", "{C826BE12-F794-4F87-9862-A584A1AABC9C}"
EndProject
Project("{9A19103F-16F7-4668-BE54-9A1E7A4F7556}") = "JLio.Core", "JLio.Core\JLio.Core.csproj", "{D4949C1D-38C4-484D-9928-A8D340D2DC43}"
EndProject
Project("{9A19103F-16F7-4668-BE54-9A1E7A4F7556}") = "JLio.Functions", "JLio.Functions\JLio.Functions.csproj", "{9AD25A4F-ECD7-41A0-9B2E-3B202FE26E57}"
EndProject
Project("{9A19103F-16F7-4668-BE54-9A1E7A4F7556}") = "JLio.UnitTests", "JLio.UnitTests\JLio.UnitTests.csproj", "{EA2B7791-FE0F-4696-9B75-C7E9B78C13F2}"
EndProject
Project("{9A19103F-16F7-4668-BE54-9A1E7A4F7556}") = "JLio.Extensions.JSchema", "JLio.Extensions.JSchema\JLio.Extensions.JSchema.csproj", "{51E2677D-CF79-4493-B46C-0E7491526709}"
EndProject
Project("{9A19103F-16F7-4668-BE54-9A1E7A4F7556}") = "JLio2.Client", "JLio2.Client\JLio2.Client.csproj", "{3B1A2ECB-847F-4D6D-AC5A-25DD65B6B977}"
EndProject
Project("{2150E333-8FDC-42A3-9474-1A3956D46DE8}") = "src", "src", "{998BEF57-00DF-4B9F-A7BB-FFAA889D1C0B}"
EndProject
Project("{2150E333-8FDC-42A3-9474-1A3956D46DE8}") = "core", "core", "{9AEFDC85-01B4-4DA9-8D65-FF64881D0F68}"
EndProject
Project("{9A19103F-16F7-4668-BE54-9A1E7A4F7556}") = "Lio.Core", "src\Core\Lio.Core.csproj", "{F9400C46-57AE-422A-A47D-7724F89CC568}"
EndProject
Project("{2150E333-8FDC-42A3-9474-1A3956D46DE8}") = "test", "test", "{DBED010F-FF1A-492E-8823-BB9BC509AEE2}"
EndProject
Project("{2150E333-8FDC-42A3-9474-1A3956D46DE8}") = "commands", "commands", "{9243511B-D742-4433-8E80-FFBD7C6641AC}"
EndProject
Project("{2150E333-8FDC-42A3-9474-1A3956D46DE8}") = "functions", "functions", "{6E78CE18-A33A-471C-9ED0-04AD4A32B17E}"
EndProject
Project("{2150E333-8FDC-42A3-9474-1A3956D46DE8}") = "integration", "integration", "{BA561078-4415-491C-A666-261E5ECF3785}"
EndProject
Project("{FAE04EC0-301F-11D3-BF4B-00C04F79EFBC}") = "Lio.Core.IntegrationTest", "test\Integration\Lio.Core.IntegrationTest\Lio.Core.IntegrationTest.csproj", "{33BE9914-04A6-4626-9210-C5A9430C078A}"
EndProject
Project("{2150E333-8FDC-42A3-9474-1A3956D46DE8}") = "client", "client", "{6A3293B3-9D96-461B-9992-C493ED20C99A}"
EndProject
Project("{2150E333-8FDC-42A3-9474-1A3956D46DE8}") = "implementations", "implementations", "{0B748E51-8A08-4632-B5D2-ACD4FC60B39B}"
EndProject
Project("{FAE04EC0-301F-11D3-BF4B-00C04F79EFBC}") = "JLio", "src\implementations\JLio\JLio.csproj", "{D74CB37E-2101-48F5-BC93-03F95733132B}"
EndProject
Project("{FAE04EC0-301F-11D3-BF4B-00C04F79EFBC}") = "XLio", "src\implementations\XLio\XLio.csproj", "{EE0D7247-FB55-42DA-B99A-72B4982A046F}"
EndProject
Project("{FAE04EC0-301F-11D3-BF4B-00C04F79EFBC}") = "Lio.Client", "src\client\Lio.Client\Lio.Client.csproj", "{2F2E30D8-401F-4A49-8B49-792EA357D75D}"
EndProject
Project("{FAE04EC0-301F-11D3-BF4B-00C04F79EFBC}") = "WebApplication1", "src\client\WebApplication1\WebApplication1.csproj", "{660A2BB1-1DA3-48EB-922A-02F4F0A6615F}"
EndProject
Global
	GlobalSection(SolutionConfigurationPlatforms) = preSolution
		Debug|Any CPU = Debug|Any CPU
		Release|Any CPU = Release|Any CPU
	EndGlobalSection
	GlobalSection(ProjectConfigurationPlatforms) = postSolution
		{5AD8D330-E938-46B8-9944-F6AAD2D46ECC}.Debug|Any CPU.ActiveCfg = Debug|Any CPU
		{5AD8D330-E938-46B8-9944-F6AAD2D46ECC}.Debug|Any CPU.Build.0 = Debug|Any CPU
		{5AD8D330-E938-46B8-9944-F6AAD2D46ECC}.Release|Any CPU.ActiveCfg = Release|Any CPU
		{5AD8D330-E938-46B8-9944-F6AAD2D46ECC}.Release|Any CPU.Build.0 = Release|Any CPU
		{C826BE12-F794-4F87-9862-A584A1AABC9C}.Debug|Any CPU.ActiveCfg = Debug|Any CPU
		{C826BE12-F794-4F87-9862-A584A1AABC9C}.Debug|Any CPU.Build.0 = Debug|Any CPU
		{C826BE12-F794-4F87-9862-A584A1AABC9C}.Release|Any CPU.ActiveCfg = Release|Any CPU
		{C826BE12-F794-4F87-9862-A584A1AABC9C}.Release|Any CPU.Build.0 = Release|Any CPU
		{D4949C1D-38C4-484D-9928-A8D340D2DC43}.Debug|Any CPU.ActiveCfg = Debug|Any CPU
		{D4949C1D-38C4-484D-9928-A8D340D2DC43}.Debug|Any CPU.Build.0 = Debug|Any CPU
		{D4949C1D-38C4-484D-9928-A8D340D2DC43}.Release|Any CPU.ActiveCfg = Release|Any CPU
		{D4949C1D-38C4-484D-9928-A8D340D2DC43}.Release|Any CPU.Build.0 = Release|Any CPU
		{9AD25A4F-ECD7-41A0-9B2E-3B202FE26E57}.Debug|Any CPU.ActiveCfg = Debug|Any CPU
		{9AD25A4F-ECD7-41A0-9B2E-3B202FE26E57}.Debug|Any CPU.Build.0 = Debug|Any CPU
		{9AD25A4F-ECD7-41A0-9B2E-3B202FE26E57}.Release|Any CPU.ActiveCfg = Release|Any CPU
		{9AD25A4F-ECD7-41A0-9B2E-3B202FE26E57}.Release|Any CPU.Build.0 = Release|Any CPU
		{EA2B7791-FE0F-4696-9B75-C7E9B78C13F2}.Debug|Any CPU.ActiveCfg = Debug|Any CPU
		{EA2B7791-FE0F-4696-9B75-C7E9B78C13F2}.Debug|Any CPU.Build.0 = Debug|Any CPU
		{EA2B7791-FE0F-4696-9B75-C7E9B78C13F2}.Release|Any CPU.ActiveCfg = Release|Any CPU
		{EA2B7791-FE0F-4696-9B75-C7E9B78C13F2}.Release|Any CPU.Build.0 = Release|Any CPU
		{51E2677D-CF79-4493-B46C-0E7491526709}.Debug|Any CPU.ActiveCfg = Debug|Any CPU
		{51E2677D-CF79-4493-B46C-0E7491526709}.Debug|Any CPU.Build.0 = Debug|Any CPU
		{51E2677D-CF79-4493-B46C-0E7491526709}.Release|Any CPU.ActiveCfg = Release|Any CPU
		{51E2677D-CF79-4493-B46C-0E7491526709}.Release|Any CPU.Build.0 = Release|Any CPU
		{3B1A2ECB-847F-4D6D-AC5A-25DD65B6B977}.Debug|Any CPU.ActiveCfg = Debug|Any CPU
		{3B1A2ECB-847F-4D6D-AC5A-25DD65B6B977}.Debug|Any CPU.Build.0 = Debug|Any CPU
		{3B1A2ECB-847F-4D6D-AC5A-25DD65B6B977}.Release|Any CPU.ActiveCfg = Release|Any CPU
		{3B1A2ECB-847F-4D6D-AC5A-25DD65B6B977}.Release|Any CPU.Build.0 = Release|Any CPU
		{F9400C46-57AE-422A-A47D-7724F89CC568}.Debug|Any CPU.ActiveCfg = Debug|Any CPU
		{F9400C46-57AE-422A-A47D-7724F89CC568}.Debug|Any CPU.Build.0 = Debug|Any CPU
		{F9400C46-57AE-422A-A47D-7724F89CC568}.Release|Any CPU.ActiveCfg = Release|Any CPU
		{F9400C46-57AE-422A-A47D-7724F89CC568}.Release|Any CPU.Build.0 = Release|Any CPU
		{33BE9914-04A6-4626-9210-C5A9430C078A}.Debug|Any CPU.ActiveCfg = Debug|Any CPU
		{33BE9914-04A6-4626-9210-C5A9430C078A}.Debug|Any CPU.Build.0 = Debug|Any CPU
		{33BE9914-04A6-4626-9210-C5A9430C078A}.Release|Any CPU.ActiveCfg = Release|Any CPU
		{33BE9914-04A6-4626-9210-C5A9430C078A}.Release|Any CPU.Build.0 = Release|Any CPU
		{D74CB37E-2101-48F5-BC93-03F95733132B}.Debug|Any CPU.ActiveCfg = Debug|Any CPU
		{D74CB37E-2101-48F5-BC93-03F95733132B}.Debug|Any CPU.Build.0 = Debug|Any CPU
		{D74CB37E-2101-48F5-BC93-03F95733132B}.Release|Any CPU.ActiveCfg = Release|Any CPU
		{D74CB37E-2101-48F5-BC93-03F95733132B}.Release|Any CPU.Build.0 = Release|Any CPU
		{EE0D7247-FB55-42DA-B99A-72B4982A046F}.Debug|Any CPU.ActiveCfg = Debug|Any CPU
		{EE0D7247-FB55-42DA-B99A-72B4982A046F}.Debug|Any CPU.Build.0 = Debug|Any CPU
		{EE0D7247-FB55-42DA-B99A-72B4982A046F}.Release|Any CPU.ActiveCfg = Release|Any CPU
		{EE0D7247-FB55-42DA-B99A-72B4982A046F}.Release|Any CPU.Build.0 = Release|Any CPU
		{2F2E30D8-401F-4A49-8B49-792EA357D75D}.Debug|Any CPU.ActiveCfg = Debug|Any CPU
		{2F2E30D8-401F-4A49-8B49-792EA357D75D}.Debug|Any CPU.Build.0 = Debug|Any CPU
		{2F2E30D8-401F-4A49-8B49-792EA357D75D}.Release|Any CPU.ActiveCfg = Release|Any CPU
		{2F2E30D8-401F-4A49-8B49-792EA357D75D}.Release|Any CPU.Build.0 = Release|Any CPU
		{660A2BB1-1DA3-48EB-922A-02F4F0A6615F}.Debug|Any CPU.ActiveCfg = Debug|Any CPU
		{660A2BB1-1DA3-48EB-922A-02F4F0A6615F}.Debug|Any CPU.Build.0 = Debug|Any CPU
		{660A2BB1-1DA3-48EB-922A-02F4F0A6615F}.Release|Any CPU.ActiveCfg = Release|Any CPU
		{660A2BB1-1DA3-48EB-922A-02F4F0A6615F}.Release|Any CPU.Build.0 = Release|Any CPU
	EndGlobalSection
	GlobalSection(SolutionProperties) = preSolution
		HideSolutionNode = FALSE
	EndGlobalSection
	GlobalSection(NestedProjects) = preSolution
		{9AEFDC85-01B4-4DA9-8D65-FF64881D0F68} = {998BEF57-00DF-4B9F-A7BB-FFAA889D1C0B}
		{F9400C46-57AE-422A-A47D-7724F89CC568} = {9AEFDC85-01B4-4DA9-8D65-FF64881D0F68}
		{9243511B-D742-4433-8E80-FFBD7C6641AC} = {DBED010F-FF1A-492E-8823-BB9BC509AEE2}
		{6E78CE18-A33A-471C-9ED0-04AD4A32B17E} = {DBED010F-FF1A-492E-8823-BB9BC509AEE2}
		{BA561078-4415-491C-A666-261E5ECF3785} = {DBED010F-FF1A-492E-8823-BB9BC509AEE2}
		{33BE9914-04A6-4626-9210-C5A9430C078A} = {BA561078-4415-491C-A666-261E5ECF3785}
		{6A3293B3-9D96-461B-9992-C493ED20C99A} = {998BEF57-00DF-4B9F-A7BB-FFAA889D1C0B}
		{0B748E51-8A08-4632-B5D2-ACD4FC60B39B} = {998BEF57-00DF-4B9F-A7BB-FFAA889D1C0B}
		{D74CB37E-2101-48F5-BC93-03F95733132B} = {0B748E51-8A08-4632-B5D2-ACD4FC60B39B}
		{EE0D7247-FB55-42DA-B99A-72B4982A046F} = {0B748E51-8A08-4632-B5D2-ACD4FC60B39B}
		{2F2E30D8-401F-4A49-8B49-792EA357D75D} = {6A3293B3-9D96-461B-9992-C493ED20C99A}
		{660A2BB1-1DA3-48EB-922A-02F4F0A6615F} = {6A3293B3-9D96-461B-9992-C493ED20C99A}
	EndGlobalSection
	GlobalSection(ExtensibilityGlobals) = postSolution
		SolutionGuid = {C4D0CD23-6011-4483-8484-C3D1DB1D24ED}
	EndGlobalSection
EndGlobal
